
Microsoft Visual Studio Solution File, Format Version 12.00
# Visual Studio Version 17
VisualStudioVersion = 17.2.32616.157
MinimumVisualStudioVersion = 10.0.40219.1
Project("{FAE04EC0-301F-11D3-BF4B-00C04F79EFBC}") = "WepApi", "WepApi\WepApi.csproj", "{F37916FC-F93F-46F8-AD8D-C6C0300A5DEC}"
EndProject
Project("{FAE04EC0-301F-11D3-BF4B-00C04F79EFBC}") = "Entities", "Entities\Entities.csproj", "{2D0B029F-6CBE-4FA6-B162-BD05E9BE47D9}"
EndProject
Project("{FAE04EC0-301F-11D3-BF4B-00C04F79EFBC}") = "DataAccess", "DataAccess\DataAccess.csproj", "{B89C28E5-E276-4230-9C83-737FDE243FA0}"
EndProject
Project("{FAE04EC0-301F-11D3-BF4B-00C04F79EFBC}") = "Business", "Business\Business.csproj", "{7B425262-5EC7-460D-8A9A-405727110DCA}"
EndProject
Global
	GlobalSection(SolutionConfigurationPlatforms) = preSolution
		Debug|Any CPU = Debug|Any CPU
		Release|Any CPU = Release|Any CPU
	EndGlobalSection
	GlobalSection(ProjectConfigurationPlatforms) = postSolution
		{F37916FC-F93F-46F8-AD8D-C6C0300A5DEC}.Debug|Any CPU.ActiveCfg = Debug|Any CPU
		{F37916FC-F93F-46F8-AD8D-C6C0300A5DEC}.Debug|Any CPU.Build.0 = Debug|Any CPU
		{F37916FC-F93F-46F8-AD8D-C6C0300A5DEC}.Release|Any CPU.ActiveCfg = Release|Any CPU
		{F37916FC-F93F-46F8-AD8D-C6C0300A5DEC}.Release|Any CPU.Build.0 = Release|Any CPU
		{2D0B029F-6CBE-4FA6-B162-BD05E9BE47D9}.Debug|Any CPU.ActiveCfg = Debug|Any CPU
		{2D0B029F-6CBE-4FA6-B162-BD05E9BE47D9}.Debug|Any CPU.Build.0 = Debug|Any CPU
		{2D0B029F-6CBE-4FA6-B162-BD05E9BE47D9}.Release|Any CPU.ActiveCfg = Release|Any CPU
		{2D0B029F-6CBE-4FA6-B162-BD05E9BE47D9}.Release|Any CPU.Build.0 = Release|Any CPU
		{B89C28E5-E276-4230-9C83-737FDE243FA0}.Debug|Any CPU.ActiveCfg = Debug|Any CPU
		{B89C28E5-E276-4230-9C83-737FDE243FA0}.Debug|Any CPU.Build.0 = Debug|Any CPU
		{B89C28E5-E276-4230-9C83-737FDE243FA0}.Release|Any CPU.ActiveCfg = Release|Any CPU
		{B89C28E5-E276-4230-9C83-737FDE243FA0}.Release|Any CPU.Build.0 = Release|Any CPU
		{7B425262-5EC7-460D-8A9A-405727110DCA}.Debug|Any CPU.ActiveCfg = Debug|Any CPU
		{7B425262-5EC7-460D-8A9A-405727110DCA}.Debug|Any CPU.Build.0 = Debug|Any CPU
		{7B425262-5EC7-460D-8A9A-405727110DCA}.Release|Any CPU.ActiveCfg = Release|Any CPU
		{7B425262-5EC7-460D-8A9A-405727110DCA}.Release|Any CPU.Build.0 = Release|Any CPU
	EndGlobalSection
	GlobalSection(SolutionProperties) = preSolution
		HideSolutionNode = FALSE
	EndGlobalSection
	GlobalSection(ExtensibilityGlobals) = postSolution
		SolutionGuid = {C6EF8DB6-2D51-4E23-84F7-5470F2AF6AF9}
	EndGlobalSection
EndGlobal
